
Microsoft Visual Studio Solution File, Format Version 12.00
# Visual Studio Version 16
VisualStudioVersion = 16.0.29519.87
MinimumVisualStudioVersion = 10.0.40219.1
Project("{9A19103F-16F7-4668-BE54-9A1E7A4F7556}") = "SaaSSampleWebApp", "SaaSSampleWebApp\SaaSSampleWebApp.csproj", "{94F8505B-2DF4-447B-8655-50FB5E5F1B1F}"
EndProject
Project("{9A19103F-16F7-4668-BE54-9A1E7A4F7556}") = "SaaSSampleWebApi", "SaaSSampleWebApi\SaaSSampleWebApi.csproj", "{8E5258D9-A29C-4243-A183-9474D54DD621}"
EndProject
Project("{9A19103F-16F7-4668-BE54-9A1E7A4F7556}") = "Microsoft.Identity.Web", "Microsoft.Identity.Web\Microsoft.Identity.Web.csproj", "{9A5B9997-F39F-471B-8078-1919DA5DDEDC}"
EndProject
Project("{9A19103F-16F7-4668-BE54-9A1E7A4F7556}") = "AppSourceMockWebApp", "AppSourceMockWebApp\AppSourceMockWebApp.csproj", "{0B372ECE-0E70-4672-AFFE-C99825B0807F}"
EndProject
Project("{9A19103F-16F7-4668-BE54-9A1E7A4F7556}") = "SaaSOfferMockData", "MockAppData\SaaSOfferMockData.csproj", "{C9B7F2F1-2509-476C-9E02-806E5B2F2A18}"
EndProject
Project("{FAE04EC0-301F-11D3-BF4B-00C04F79EFBC}") = "WordAddIn", "WordAddIn\WordAddIn.csproj", "{16DEDB7B-BDB9-41FC-AB2E-5DAE6F640602}"
EndProject
Project("{FAE04EC0-301F-11D3-BF4B-00C04F79EFBC}") = "ExcelAddIn", "ExcelAddIn\ExcelAddIn.csproj", "{F81415A6-EF66-4B57-AC4D-594F4212C3F3}"
EndProject
Project("{FAE04EC0-301F-11D3-BF4B-00C04F79EFBC}") = "PowerPointAddIn", "PowerPointAddIn\PowerPointAddIn.csproj", "{D41A4028-9E8F-4784-8263-7C958B834916}"
EndProject
Project("{9A19103F-16F7-4668-BE54-9A1E7A4F7556}") = "WordAddInWeb", "WordAddinWeb\WordAddInWeb.csproj", "{0700AA17-C64F-4802-9C7F-114BE844E64E}"
EndProject
Project("{9A19103F-16F7-4668-BE54-9A1E7A4F7556}") = "ExcelAddInWeb", "ExcelAddinWeb\ExcelAddInWeb.csproj", "{410D0A8B-0113-4DFA-B6FD-1A9D8225BEA3}"
EndProject
Project("{9A19103F-16F7-4668-BE54-9A1E7A4F7556}") = "PowerPointAddInWeb", "PowerPointAddinWeb\PowerPointAddInWeb.csproj", "{5E81D6C1-1611-4C47-95F1-CE5C801B70A4}"
EndProject
Project("{FAE04EC0-301F-11D3-BF4B-00C04F79EFBC}") = "OutlookAddIn", "OutlookAddIn\OutlookAddIn.csproj", "{88FAD3F4-0F9C-4B51-8A68-A6CF2D5E845E}"
EndProject
Project("{9A19103F-16F7-4668-BE54-9A1E7A4F7556}") = "OutlookAddInWeb", "OutlookAddInWeb\OutlookAddInWeb.csproj", "{B276096C-1487-4FD0-A4E7-023A6D76811B}"
EndProject
Project("{FAE04EC0-301F-11D3-BF4B-00C04F79EFBC}") = "ProviderHostedAddIn", "ProviderHostedAddIn\ProviderHostedAddIn.csproj", "{6CE3852A-C34A-4FF1-85B7-C637F769F365}"
EndProject
Project("{FAE04EC0-301F-11D3-BF4B-00C04F79EFBC}") = "ProviderHostedAddInWeb", "ProviderHostedAddInWeb\ProviderHostedAddInWeb.csproj", "{8F6282AA-9C41-41F3-8589-A12D8BAE2504}"
EndProject
Project("{2150E333-8FDC-42A3-9474-1A3956D46DE8}") = "SPFx", "SPFx", "{E0ABB469-7DA6-448C-84B0-794540E7984A}"
EndProject
Project("{E24C65DC-7377-472B-9ABA-BC803B73C61A}") = "SPFx", "SPFx\", "{8ED4ADF4-5329-4AE0-A4B5-43DD1EE40E1F}"
	ProjectSection(WebsiteProperties) = preProject
		TargetFrameworkMoniker = ".NETFramework,Version%3Dv4.0"
		Debug.AspNetCompiler.VirtualPath = "/localhost_50116"
		Debug.AspNetCompiler.PhysicalPath = "SPFx\"
		Debug.AspNetCompiler.TargetPath = "PrecompiledWeb\localhost_50116\"
		Debug.AspNetCompiler.Updateable = "true"
		Debug.AspNetCompiler.ForceOverwrite = "true"
		Debug.AspNetCompiler.FixedNames = "false"
		Debug.AspNetCompiler.Debug = "True"
		Release.AspNetCompiler.VirtualPath = "/localhost_50116"
		Release.AspNetCompiler.PhysicalPath = "SPFx\"
		Release.AspNetCompiler.TargetPath = "PrecompiledWeb\localhost_50116\"
		Release.AspNetCompiler.Updateable = "true"
		Release.AspNetCompiler.ForceOverwrite = "true"
		Release.AspNetCompiler.FixedNames = "false"
		Release.AspNetCompiler.Debug = "False"
		VWDPort = "50116"
		SlnRelativePath = "SPFx\"
	EndProjectSection
EndProject
Project("{9A19103F-16F7-4668-BE54-9A1E7A4F7556}") = "TeamsTabApp", "TeamsTabApp\TeamsTabApp.csproj", "{1D17E232-20C9-4295-BDA1-7AE542F3696C}"
EndProject
Project("{9A19103F-16F7-4668-BE54-9A1E7A4F7556}") = "TeamsBotinCSharp", "TeamsBotinCSharp\TeamsBotinCSharp.csproj", "{E03D327F-179E-4D1E-9723-5A1CE8BAFF26}"
EndProject
Project("{2150E333-8FDC-42A3-9474-1A3956D46DE8}") = "TeamsBotJavascript", "TeamsBotJavascript", "{43E03D7E-76E5-4B20-BBCF-FE577BB64CCB}"
EndProject
Project("{E24C65DC-7377-472B-9ABA-BC803B73C61A}") = "TeamsBotinJavascript", "TeamsBotinJavascript\", "{6F88D355-FB03-4454-B9D1-48A2389FB024}"
	ProjectSection(WebsiteProperties) = preProject
		TargetFrameworkMoniker = ".NETFramework,Version%3Dv4.0"
		Debug.AspNetCompiler.VirtualPath = "/localhost_13228"
		Debug.AspNetCompiler.PhysicalPath = "TeamsBotinJavascript\"
		Debug.AspNetCompiler.TargetPath = "PrecompiledWeb\localhost_13228\"
		Debug.AspNetCompiler.Updateable = "true"
		Debug.AspNetCompiler.ForceOverwrite = "true"
		Debug.AspNetCompiler.FixedNames = "false"
		Debug.AspNetCompiler.Debug = "True"
		Release.AspNetCompiler.VirtualPath = "/localhost_13228"
		Release.AspNetCompiler.PhysicalPath = "TeamsBotinJavascript\"
		Release.AspNetCompiler.TargetPath = "PrecompiledWeb\localhost_13228\"
		Release.AspNetCompiler.Updateable = "true"
		Release.AspNetCompiler.ForceOverwrite = "true"
		Release.AspNetCompiler.FixedNames = "false"
		Release.AspNetCompiler.Debug = "False"
		VWDPort = "13228"
		SlnRelativePath = "TeamsBotinJavascript\"
	EndProjectSection
EndProject
Project("{FAE04EC0-301F-11D3-BF4B-00C04F79EFBC}") = "SharePointHostedAddIn", "SharePointHostedAddIn\SharePointHostedAddIn.csproj", "{13B18F83-A918-484C-A2C4-253E8EE03928}"
EndProject
Global
	GlobalSection(SolutionConfigurationPlatforms) = preSolution
		Debug|Any CPU = Debug|Any CPU
		Release|Any CPU = Release|Any CPU
	EndGlobalSection
	GlobalSection(ProjectConfigurationPlatforms) = postSolution
		{94F8505B-2DF4-447B-8655-50FB5E5F1B1F}.Debug|Any CPU.ActiveCfg = Debug|Any CPU
		{94F8505B-2DF4-447B-8655-50FB5E5F1B1F}.Debug|Any CPU.Build.0 = Debug|Any CPU
		{94F8505B-2DF4-447B-8655-50FB5E5F1B1F}.Release|Any CPU.ActiveCfg = Release|Any CPU
		{94F8505B-2DF4-447B-8655-50FB5E5F1B1F}.Release|Any CPU.Build.0 = Release|Any CPU
		{8E5258D9-A29C-4243-A183-9474D54DD621}.Debug|Any CPU.ActiveCfg = Debug|Any CPU
		{8E5258D9-A29C-4243-A183-9474D54DD621}.Debug|Any CPU.Build.0 = Debug|Any CPU
		{8E5258D9-A29C-4243-A183-9474D54DD621}.Release|Any CPU.ActiveCfg = Release|Any CPU
		{8E5258D9-A29C-4243-A183-9474D54DD621}.Release|Any CPU.Build.0 = Release|Any CPU
		{9A5B9997-F39F-471B-8078-1919DA5DDEDC}.Debug|Any CPU.ActiveCfg = Debug|Any CPU
		{9A5B9997-F39F-471B-8078-1919DA5DDEDC}.Debug|Any CPU.Build.0 = Debug|Any CPU
		{9A5B9997-F39F-471B-8078-1919DA5DDEDC}.Release|Any CPU.ActiveCfg = Release|Any CPU
		{9A5B9997-F39F-471B-8078-1919DA5DDEDC}.Release|Any CPU.Build.0 = Release|Any CPU
		{0B372ECE-0E70-4672-AFFE-C99825B0807F}.Debug|Any CPU.ActiveCfg = Debug|Any CPU
		{0B372ECE-0E70-4672-AFFE-C99825B0807F}.Debug|Any CPU.Build.0 = Debug|Any CPU
		{0B372ECE-0E70-4672-AFFE-C99825B0807F}.Release|Any CPU.ActiveCfg = Release|Any CPU
		{0B372ECE-0E70-4672-AFFE-C99825B0807F}.Release|Any CPU.Build.0 = Release|Any CPU
		{C9B7F2F1-2509-476C-9E02-806E5B2F2A18}.Debug|Any CPU.ActiveCfg = Debug|Any CPU
		{C9B7F2F1-2509-476C-9E02-806E5B2F2A18}.Debug|Any CPU.Build.0 = Debug|Any CPU
		{C9B7F2F1-2509-476C-9E02-806E5B2F2A18}.Release|Any CPU.ActiveCfg = Release|Any CPU
		{C9B7F2F1-2509-476C-9E02-806E5B2F2A18}.Release|Any CPU.Build.0 = Release|Any CPU
		{16DEDB7B-BDB9-41FC-AB2E-5DAE6F640602}.Debug|Any CPU.ActiveCfg = Debug|Any CPU
		{16DEDB7B-BDB9-41FC-AB2E-5DAE6F640602}.Debug|Any CPU.Build.0 = Debug|Any CPU
		{16DEDB7B-BDB9-41FC-AB2E-5DAE6F640602}.Debug|Any CPU.Deploy.0 = Debug|Any CPU
		{16DEDB7B-BDB9-41FC-AB2E-5DAE6F640602}.Release|Any CPU.ActiveCfg = Release|Any CPU
		{16DEDB7B-BDB9-41FC-AB2E-5DAE6F640602}.Release|Any CPU.Build.0 = Release|Any CPU
		{16DEDB7B-BDB9-41FC-AB2E-5DAE6F640602}.Release|Any CPU.Deploy.0 = Release|Any CPU
		{F81415A6-EF66-4B57-AC4D-594F4212C3F3}.Debug|Any CPU.ActiveCfg = Debug|Any CPU
		{F81415A6-EF66-4B57-AC4D-594F4212C3F3}.Debug|Any CPU.Build.0 = Debug|Any CPU
		{F81415A6-EF66-4B57-AC4D-594F4212C3F3}.Debug|Any CPU.Deploy.0 = Debug|Any CPU
		{F81415A6-EF66-4B57-AC4D-594F4212C3F3}.Release|Any CPU.ActiveCfg = Release|Any CPU
		{F81415A6-EF66-4B57-AC4D-594F4212C3F3}.Release|Any CPU.Build.0 = Release|Any CPU
		{F81415A6-EF66-4B57-AC4D-594F4212C3F3}.Release|Any CPU.Deploy.0 = Release|Any CPU
		{D41A4028-9E8F-4784-8263-7C958B834916}.Debug|Any CPU.ActiveCfg = Debug|Any CPU
		{D41A4028-9E8F-4784-8263-7C958B834916}.Debug|Any CPU.Build.0 = Debug|Any CPU
		{D41A4028-9E8F-4784-8263-7C958B834916}.Debug|Any CPU.Deploy.0 = Debug|Any CPU
		{D41A4028-9E8F-4784-8263-7C958B834916}.Release|Any CPU.ActiveCfg = Release|Any CPU
		{D41A4028-9E8F-4784-8263-7C958B834916}.Release|Any CPU.Build.0 = Release|Any CPU
		{D41A4028-9E8F-4784-8263-7C958B834916}.Release|Any CPU.Deploy.0 = Release|Any CPU
		{0700AA17-C64F-4802-9C7F-114BE844E64E}.Debug|Any CPU.ActiveCfg = Debug|Any CPU
		{0700AA17-C64F-4802-9C7F-114BE844E64E}.Debug|Any CPU.Build.0 = Debug|Any CPU
		{0700AA17-C64F-4802-9C7F-114BE844E64E}.Release|Any CPU.ActiveCfg = Release|Any CPU
		{0700AA17-C64F-4802-9C7F-114BE844E64E}.Release|Any CPU.Build.0 = Release|Any CPU
		{410D0A8B-0113-4DFA-B6FD-1A9D8225BEA3}.Debug|Any CPU.ActiveCfg = Debug|Any CPU
		{410D0A8B-0113-4DFA-B6FD-1A9D8225BEA3}.Debug|Any CPU.Build.0 = Debug|Any CPU
		{410D0A8B-0113-4DFA-B6FD-1A9D8225BEA3}.Release|Any CPU.ActiveCfg = Release|Any CPU
		{410D0A8B-0113-4DFA-B6FD-1A9D8225BEA3}.Release|Any CPU.Build.0 = Release|Any CPU
		{5E81D6C1-1611-4C47-95F1-CE5C801B70A4}.Debug|Any CPU.ActiveCfg = Debug|Any CPU
		{5E81D6C1-1611-4C47-95F1-CE5C801B70A4}.Debug|Any CPU.Build.0 = Debug|Any CPU
		{5E81D6C1-1611-4C47-95F1-CE5C801B70A4}.Release|Any CPU.ActiveCfg = Release|Any CPU
		{5E81D6C1-1611-4C47-95F1-CE5C801B70A4}.Release|Any CPU.Build.0 = Release|Any CPU
		{88FAD3F4-0F9C-4B51-8A68-A6CF2D5E845E}.Debug|Any CPU.ActiveCfg = Debug|Any CPU
		{88FAD3F4-0F9C-4B51-8A68-A6CF2D5E845E}.Debug|Any CPU.Build.0 = Debug|Any CPU
		{88FAD3F4-0F9C-4B51-8A68-A6CF2D5E845E}.Debug|Any CPU.Deploy.0 = Debug|Any CPU
		{88FAD3F4-0F9C-4B51-8A68-A6CF2D5E845E}.Release|Any CPU.ActiveCfg = Release|Any CPU
		{88FAD3F4-0F9C-4B51-8A68-A6CF2D5E845E}.Release|Any CPU.Build.0 = Release|Any CPU
		{88FAD3F4-0F9C-4B51-8A68-A6CF2D5E845E}.Release|Any CPU.Deploy.0 = Release|Any CPU
		{B276096C-1487-4FD0-A4E7-023A6D76811B}.Debug|Any CPU.ActiveCfg = Debug|Any CPU
		{B276096C-1487-4FD0-A4E7-023A6D76811B}.Debug|Any CPU.Build.0 = Debug|Any CPU
		{B276096C-1487-4FD0-A4E7-023A6D76811B}.Release|Any CPU.ActiveCfg = Release|Any CPU
		{B276096C-1487-4FD0-A4E7-023A6D76811B}.Release|Any CPU.Build.0 = Release|Any CPU
		{6CE3852A-C34A-4FF1-85B7-C637F769F365}.Debug|Any CPU.ActiveCfg = Debug|Any CPU
		{6CE3852A-C34A-4FF1-85B7-C637F769F365}.Debug|Any CPU.Build.0 = Debug|Any CPU
		{6CE3852A-C34A-4FF1-85B7-C637F769F365}.Debug|Any CPU.Deploy.0 = Debug|Any CPU
		{6CE3852A-C34A-4FF1-85B7-C637F769F365}.Release|Any CPU.ActiveCfg = Release|Any CPU
		{6CE3852A-C34A-4FF1-85B7-C637F769F365}.Release|Any CPU.Build.0 = Release|Any CPU
		{6CE3852A-C34A-4FF1-85B7-C637F769F365}.Release|Any CPU.Deploy.0 = Release|Any CPU
		{8F6282AA-9C41-41F3-8589-A12D8BAE2504}.Debug|Any CPU.ActiveCfg = Debug|Any CPU
		{8F6282AA-9C41-41F3-8589-A12D8BAE2504}.Debug|Any CPU.Build.0 = Debug|Any CPU
		{8F6282AA-9C41-41F3-8589-A12D8BAE2504}.Release|Any CPU.ActiveCfg = Release|Any CPU
		{8F6282AA-9C41-41F3-8589-A12D8BAE2504}.Release|Any CPU.Build.0 = Release|Any CPU
		{8ED4ADF4-5329-4AE0-A4B5-43DD1EE40E1F}.Debug|Any CPU.ActiveCfg = Debug|Any CPU
		{8ED4ADF4-5329-4AE0-A4B5-43DD1EE40E1F}.Debug|Any CPU.Build.0 = Debug|Any CPU
		{8ED4ADF4-5329-4AE0-A4B5-43DD1EE40E1F}.Release|Any CPU.ActiveCfg = Debug|Any CPU
		{8ED4ADF4-5329-4AE0-A4B5-43DD1EE40E1F}.Release|Any CPU.Build.0 = Debug|Any CPU
		{1D17E232-20C9-4295-BDA1-7AE542F3696C}.Debug|Any CPU.ActiveCfg = Debug|Any CPU
		{1D17E232-20C9-4295-BDA1-7AE542F3696C}.Debug|Any CPU.Build.0 = Debug|Any CPU
		{1D17E232-20C9-4295-BDA1-7AE542F3696C}.Release|Any CPU.ActiveCfg = Release|Any CPU
		{1D17E232-20C9-4295-BDA1-7AE542F3696C}.Release|Any CPU.Build.0 = Release|Any CPU
		{E03D327F-179E-4D1E-9723-5A1CE8BAFF26}.Debug|Any CPU.ActiveCfg = Debug|Any CPU
		{E03D327F-179E-4D1E-9723-5A1CE8BAFF26}.Debug|Any CPU.Build.0 = Debug|Any CPU
		{E03D327F-179E-4D1E-9723-5A1CE8BAFF26}.Release|Any CPU.ActiveCfg = Release|Any CPU
		{E03D327F-179E-4D1E-9723-5A1CE8BAFF26}.Release|Any CPU.Build.0 = Release|Any CPU
		{6F88D355-FB03-4454-B9D1-48A2389FB024}.Debug|Any CPU.ActiveCfg = Debug|Any CPU
		{6F88D355-FB03-4454-B9D1-48A2389FB024}.Debug|Any CPU.Build.0 = Debug|Any CPU
		{6F88D355-FB03-4454-B9D1-48A2389FB024}.Release|Any CPU.ActiveCfg = Debug|Any CPU
		{6F88D355-FB03-4454-B9D1-48A2389FB024}.Release|Any CPU.Build.0 = Debug|Any CPU
		{13B18F83-A918-484C-A2C4-253E8EE03928}.Debug|Any CPU.ActiveCfg = Debug|Any CPU
		{13B18F83-A918-484C-A2C4-253E8EE03928}.Debug|Any CPU.Build.0 = Debug|Any CPU
		{13B18F83-A918-484C-A2C4-253E8EE03928}.Debug|Any CPU.Deploy.0 = Debug|Any CPU
		{13B18F83-A918-484C-A2C4-253E8EE03928}.Release|Any CPU.ActiveCfg = Release|Any CPU
		{13B18F83-A918-484C-A2C4-253E8EE03928}.Release|Any CPU.Build.0 = Release|Any CPU
		{13B18F83-A918-484C-A2C4-253E8EE03928}.Release|Any CPU.Deploy.0 = Release|Any CPU
	EndGlobalSection
	GlobalSection(SolutionProperties) = preSolution
		HideSolutionNode = FALSE
	EndGlobalSection
	GlobalSection(NestedProjects) = preSolution
		{8ED4ADF4-5329-4AE0-A4B5-43DD1EE40E1F} = {E0ABB469-7DA6-448C-84B0-794540E7984A}
		{6F88D355-FB03-4454-B9D1-48A2389FB024} = {43E03D7E-76E5-4B20-BBCF-FE577BB64CCB}
	EndGlobalSection
	GlobalSection(ExtensibilityGlobals) = postSolution
		SolutionGuid = {5717D262-3101-41C8-8621-75A6023CF518}
	EndGlobalSection
EndGlobal
